
Microsoft Visual Studio Solution File, Format Version 12.00
# Visual Studio Version 17
VisualStudioVersion = 17.4.33213.308
MinimumVisualStudioVersion = 10.0.40219.1
Project("{9A19103F-16F7-4668-BE54-9A1E7A4F7556}") = "Nodsoft.MoltenObsidian", "Nodsoft.MoltenObsidian\Nodsoft.MoltenObsidian.csproj", "{2E243320-E7EC-4CE7-B488-2358869E7EE7}"
EndProject
Project("{9A19103F-16F7-4668-BE54-9A1E7A4F7556}") = "Nodsoft.MoltenObsidian.Samples.Wasm", "Samples\Nodsoft.MoltenObsidian.Samples.Wasm\Nodsoft.MoltenObsidian.Samples.Wasm.csproj", "{426F7149-8C9E-48DE-A3CE-4A06D0203D78}"
EndProject
Project("{9A19103F-16F7-4668-BE54-9A1E7A4F7556}") = "Nodsoft.MoltenObsidian.Samples.Server", "Samples\Nodsoft.MoltenObsidian.Samples.Server\Nodsoft.MoltenObsidian.Samples.Server.csproj", "{EC301077-31DB-4ECF-B8C4-11F482ED24BD}"
EndProject
Project("{9A19103F-16F7-4668-BE54-9A1E7A4F7556}") = "Nodsoft.MoltenObsidian.Vaults.FileSystem", "Vaults\Nodsoft.MoltenObsidian.Vaults.FileSystem\Nodsoft.MoltenObsidian.Vaults.FileSystem.csproj", "{A2C0720A-8D93-4A81-8BE9-05607DE96BC5}"
EndProject
Project("{2150E333-8FDC-42A3-9474-1A3956D46DE8}") = "Samples", "Samples", "{65974834-8043-49B1-9555-B8A63FEF6B29}"
	ProjectSection(SolutionItems) = preProject
		Samples\Directory.Build.props = Samples\Directory.Build.props
	EndProjectSection
EndProject
Project("{9A19103F-16F7-4668-BE54-9A1E7A4F7556}") = "Nodsoft.MoltenObsidian.Blazor", "Nodsoft.MoltenObsidian.Blazor\Nodsoft.MoltenObsidian.Blazor.csproj", "{C9211C79-D1A5-46CE-952D-AA27903D6CCD}"
EndProject
Project("{2150E333-8FDC-42A3-9474-1A3956D46DE8}") = "Solution Items", "Solution Items", "{73A00910-BD89-40D1-9E8B-1C4859A51266}"
	ProjectSection(SolutionItems) = preProject
		.gitignore = .gitignore
		Directory.Build.props = Directory.Build.props
		.config\dotnet-tools.json = .config\dotnet-tools.json
		README.md = README.md
		version.json = version.json
	EndProjectSection
EndProject
Project("{2150E333-8FDC-42A3-9474-1A3956D46DE8}") = "Vaults", "Vaults", "{F447B3AF-B704-44F4-8385-CA1C98F27A4D}"
	ProjectSection(SolutionItems) = preProject
		Vaults\Directory.Build.props = Vaults\Directory.Build.props
		Vaults\README.md = Vaults\README.md
	EndProjectSection
EndProject
Project("{9A19103F-16F7-4668-BE54-9A1E7A4F7556}") = "Nodsoft.MoltenObsidian.Tool", "Nodsoft.MoltenObsidian.Tool\Nodsoft.MoltenObsidian.Tool.csproj", "{0F3380F3-FEA2-46CA-9E0D-4405E22DB8FA}"
EndProject
Project("{9A19103F-16F7-4668-BE54-9A1E7A4F7556}") = "Nodsoft.MoltenObsidian.Manifest", "Nodsoft.MoltenObsidian.Manifest\Nodsoft.MoltenObsidian.Manifest.csproj", "{111CEA0D-AA4D-4F3C-890C-510729CB9689}"
EndProject
Project("{9A19103F-16F7-4668-BE54-9A1E7A4F7556}") = "Nodsoft.MoltenObsidian.Vaults.Http", "Vaults\Nodsoft.MoltenObsidian.Vaults.Http\Nodsoft.MoltenObsidian.Vaults.Http.csproj", "{40A328BD-469C-4F71-8F2B-AB55DFA37EB3}"
EndProject
Project("{FAE04EC0-301F-11D3-BF4B-00C04F79EFBC}") = "Nodsoft.MoltenObsidian.Vaults.Ftp", "Vaults\Nodsoft.MoltenObsidian.Vaults.Ftp\Nodsoft.MoltenObsidian.Vaults.Ftp.csproj", "{6D0D3E94-3690-442D-A7A0-A77600067BD9}"
EndProject
Project("{FAE04EC0-301F-11D3-BF4B-00C04F79EFBC}") = "Nodsoft.MoltenObsidian.Samples.FtpServer", "Samples\Nodsoft.MoltenObsidian.Samples.FtpServer\Nodsoft.MoltenObsidian.Samples.FtpServer.csproj", "{DADEFFB9-FC17-4C14-A460-7C1E8C4532F5}"
EndProject
Project("{FAE04EC0-301F-11D3-BF4B-00C04F79EFBC}") = "Nodsoft.MoltenObsidian.Samples.FtpWasm", "Samples\Nodsoft.MoltenObsidian.Samples.FtpWasm\Nodsoft.MoltenObsidian.Samples.FtpWasm.csproj", "{8A07D494-0B1E-4378-A2CE-0AE03AECA8AB}"
EndProject
Project("{FAE04EC0-301F-11D3-BF4B-00C04F79EFBC}") = "Nodsoft.MoltenObsidian.Tests", "Nodsoft.MoltenObsidian.Tests\Nodsoft.MoltenObsidian.Tests.csproj", "{3E4FDD56-A7D6-4432-A984-F71E638CE833}"
EndProject
Project("{FAE04EC0-301F-11D3-BF4B-00C04F79EFBC}") = "Nodsoft.MoltenObsidian.WasmContainer", "Nodsoft.MoltenObsidian.WasmContainer\Nodsoft.MoltenObsidian.WasmContainer.csproj", "{91EA45EB-BD5A-4812-8800-FB5D9E4D467C}"
EndProject
Global
	GlobalSection(SolutionConfigurationPlatforms) = preSolution
		Debug|Any CPU = Debug|Any CPU
		Release|Any CPU = Release|Any CPU
	EndGlobalSection
	GlobalSection(ProjectConfigurationPlatforms) = postSolution
		{2E243320-E7EC-4CE7-B488-2358869E7EE7}.Debug|Any CPU.ActiveCfg = Debug|Any CPU
		{2E243320-E7EC-4CE7-B488-2358869E7EE7}.Debug|Any CPU.Build.0 = Debug|Any CPU
		{2E243320-E7EC-4CE7-B488-2358869E7EE7}.Release|Any CPU.ActiveCfg = Release|Any CPU
		{2E243320-E7EC-4CE7-B488-2358869E7EE7}.Release|Any CPU.Build.0 = Release|Any CPU
		{426F7149-8C9E-48DE-A3CE-4A06D0203D78}.Debug|Any CPU.ActiveCfg = Debug|Any CPU
		{426F7149-8C9E-48DE-A3CE-4A06D0203D78}.Debug|Any CPU.Build.0 = Debug|Any CPU
		{426F7149-8C9E-48DE-A3CE-4A06D0203D78}.Release|Any CPU.ActiveCfg = Release|Any CPU
		{426F7149-8C9E-48DE-A3CE-4A06D0203D78}.Release|Any CPU.Build.0 = Release|Any CPU
		{EC301077-31DB-4ECF-B8C4-11F482ED24BD}.Debug|Any CPU.ActiveCfg = Debug|Any CPU
		{EC301077-31DB-4ECF-B8C4-11F482ED24BD}.Debug|Any CPU.Build.0 = Debug|Any CPU
		{EC301077-31DB-4ECF-B8C4-11F482ED24BD}.Release|Any CPU.ActiveCfg = Release|Any CPU
		{EC301077-31DB-4ECF-B8C4-11F482ED24BD}.Release|Any CPU.Build.0 = Release|Any CPU
		{A2C0720A-8D93-4A81-8BE9-05607DE96BC5}.Debug|Any CPU.ActiveCfg = Debug|Any CPU
		{A2C0720A-8D93-4A81-8BE9-05607DE96BC5}.Debug|Any CPU.Build.0 = Debug|Any CPU
		{A2C0720A-8D93-4A81-8BE9-05607DE96BC5}.Release|Any CPU.ActiveCfg = Release|Any CPU
		{A2C0720A-8D93-4A81-8BE9-05607DE96BC5}.Release|Any CPU.Build.0 = Release|Any CPU
		{C9211C79-D1A5-46CE-952D-AA27903D6CCD}.Debug|Any CPU.ActiveCfg = Debug|Any CPU
		{C9211C79-D1A5-46CE-952D-AA27903D6CCD}.Debug|Any CPU.Build.0 = Debug|Any CPU
		{C9211C79-D1A5-46CE-952D-AA27903D6CCD}.Release|Any CPU.ActiveCfg = Release|Any CPU
		{C9211C79-D1A5-46CE-952D-AA27903D6CCD}.Release|Any CPU.Build.0 = Release|Any CPU
		{0F3380F3-FEA2-46CA-9E0D-4405E22DB8FA}.Debug|Any CPU.ActiveCfg = Debug|Any CPU
		{0F3380F3-FEA2-46CA-9E0D-4405E22DB8FA}.Debug|Any CPU.Build.0 = Debug|Any CPU
		{0F3380F3-FEA2-46CA-9E0D-4405E22DB8FA}.Release|Any CPU.ActiveCfg = Release|Any CPU
		{0F3380F3-FEA2-46CA-9E0D-4405E22DB8FA}.Release|Any CPU.Build.0 = Release|Any CPU
		{111CEA0D-AA4D-4F3C-890C-510729CB9689}.Debug|Any CPU.ActiveCfg = Debug|Any CPU
		{111CEA0D-AA4D-4F3C-890C-510729CB9689}.Debug|Any CPU.Build.0 = Debug|Any CPU
		{111CEA0D-AA4D-4F3C-890C-510729CB9689}.Release|Any CPU.ActiveCfg = Release|Any CPU
		{111CEA0D-AA4D-4F3C-890C-510729CB9689}.Release|Any CPU.Build.0 = Release|Any CPU
		{40A328BD-469C-4F71-8F2B-AB55DFA37EB3}.Debug|Any CPU.ActiveCfg = Debug|Any CPU
		{40A328BD-469C-4F71-8F2B-AB55DFA37EB3}.Debug|Any CPU.Build.0 = Debug|Any CPU
		{40A328BD-469C-4F71-8F2B-AB55DFA37EB3}.Release|Any CPU.ActiveCfg = Release|Any CPU
		{40A328BD-469C-4F71-8F2B-AB55DFA37EB3}.Release|Any CPU.Build.0 = Release|Any CPU
		{6D0D3E94-3690-442D-A7A0-A77600067BD9}.Debug|Any CPU.ActiveCfg = Debug|Any CPU
		{6D0D3E94-3690-442D-A7A0-A77600067BD9}.Debug|Any CPU.Build.0 = Debug|Any CPU
		{6D0D3E94-3690-442D-A7A0-A77600067BD9}.Release|Any CPU.ActiveCfg = Release|Any CPU
		{6D0D3E94-3690-442D-A7A0-A77600067BD9}.Release|Any CPU.Build.0 = Release|Any CPU
		{DADEFFB9-FC17-4C14-A460-7C1E8C4532F5}.Debug|Any CPU.ActiveCfg = Debug|Any CPU
		{DADEFFB9-FC17-4C14-A460-7C1E8C4532F5}.Debug|Any CPU.Build.0 = Debug|Any CPU
		{DADEFFB9-FC17-4C14-A460-7C1E8C4532F5}.Release|Any CPU.ActiveCfg = Release|Any CPU
		{DADEFFB9-FC17-4C14-A460-7C1E8C4532F5}.Release|Any CPU.Build.0 = Release|Any CPU
		{8A07D494-0B1E-4378-A2CE-0AE03AECA8AB}.Debug|Any CPU.ActiveCfg = Debug|Any CPU
		{8A07D494-0B1E-4378-A2CE-0AE03AECA8AB}.Debug|Any CPU.Build.0 = Debug|Any CPU
		{8A07D494-0B1E-4378-A2CE-0AE03AECA8AB}.Release|Any CPU.ActiveCfg = Release|Any CPU
		{8A07D494-0B1E-4378-A2CE-0AE03AECA8AB}.Release|Any CPU.Build.0 = Release|Any CPU
		{3E4FDD56-A7D6-4432-A984-F71E638CE833}.Debug|Any CPU.ActiveCfg = Debug|Any CPU
		{3E4FDD56-A7D6-4432-A984-F71E638CE833}.Debug|Any CPU.Build.0 = Debug|Any CPU
		{3E4FDD56-A7D6-4432-A984-F71E638CE833}.Release|Any CPU.ActiveCfg = Release|Any CPU
		{3E4FDD56-A7D6-4432-A984-F71E638CE833}.Release|Any CPU.Build.0 = Release|Any CPU
		{91EA45EB-BD5A-4812-8800-FB5D9E4D467C}.Debug|Any CPU.ActiveCfg = Debug|Any CPU
		{91EA45EB-BD5A-4812-8800-FB5D9E4D467C}.Debug|Any CPU.Build.0 = Debug|Any CPU
		{91EA45EB-BD5A-4812-8800-FB5D9E4D467C}.Release|Any CPU.ActiveCfg = Release|Any CPU
		{91EA45EB-BD5A-4812-8800-FB5D9E4D467C}.Release|Any CPU.Build.0 = Release|Any CPU
	EndGlobalSection
	GlobalSection(SolutionProperties) = preSolution
		HideSolutionNode = FALSE
	EndGlobalSection
	GlobalSection(NestedProjects) = preSolution
		{426F7149-8C9E-48DE-A3CE-4A06D0203D78} = {65974834-8043-49B1-9555-B8A63FEF6B29}
		{EC301077-31DB-4ECF-B8C4-11F482ED24BD} = {65974834-8043-49B1-9555-B8A63FEF6B29}
		{A2C0720A-8D93-4A81-8BE9-05607DE96BC5} = {F447B3AF-B704-44F4-8385-CA1C98F27A4D}
		{40A328BD-469C-4F71-8F2B-AB55DFA37EB3} = {F447B3AF-B704-44F4-8385-CA1C98F27A4D}
		{6D0D3E94-3690-442D-A7A0-A77600067BD9} = {F447B3AF-B704-44F4-8385-CA1C98F27A4D}
		{DADEFFB9-FC17-4C14-A460-7C1E8C4532F5} = {65974834-8043-49B1-9555-B8A63FEF6B29}
		{8A07D494-0B1E-4378-A2CE-0AE03AECA8AB} = {65974834-8043-49B1-9555-B8A63FEF6B29}
	EndGlobalSection
	GlobalSection(ExtensibilityGlobals) = postSolution
		SolutionGuid = {A8F391D0-2009-475F-83F6-2EBE9762B722}
	EndGlobalSection
EndGlobal
